
Microsoft Visual Studio Solution File, Format Version 12.00
# Visual Studio 15
VisualStudioVersion = 15.0.28010.2041
MinimumVisualStudioVersion = 10.0.40219.1
Project("{FAE04EC0-301F-11D3-BF4B-00C04F79EFBC}") = "Protocol Programming A", "Protocol Programming A\Protocol Programming A.csproj", "{2648787C-086F-4A43-97FD-B35046197F37}"
EndProject
Project("{FAE04EC0-301F-11D3-BF4B-00C04F79EFBC}") = "Protocol Programming B", "Protocol Programming B\Protocol Programming B.csproj", "{FBDA077B-A648-4D7A-A621-E5B48F204836}"
EndProject
Global
	GlobalSection(SolutionConfigurationPlatforms) = preSolution
		Debug|Any CPU = Debug|Any CPU
		Release|Any CPU = Release|Any CPU
	EndGlobalSection
	GlobalSection(ProjectConfigurationPlatforms) = postSolution
		{2648787C-086F-4A43-97FD-B35046197F37}.Debug|Any CPU.ActiveCfg = Debug|Any CPU
		{2648787C-086F-4A43-97FD-B35046197F37}.Debug|Any CPU.Build.0 = Debug|Any CPU
		{2648787C-086F-4A43-97FD-B35046197F37}.Release|Any CPU.ActiveCfg = Release|Any CPU
		{2648787C-086F-4A43-97FD-B35046197F37}.Release|Any CPU.Build.0 = Release|Any CPU
		{FBDA077B-A648-4D7A-A621-E5B48F204836}.Debug|Any CPU.ActiveCfg = Debug|Any CPU
		{FBDA077B-A648-4D7A-A621-E5B48F204836}.Debug|Any CPU.Build.0 = Debug|Any CPU
		{FBDA077B-A648-4D7A-A621-E5B48F204836}.Release|Any CPU.ActiveCfg = Release|Any CPU
		{FBDA077B-A648-4D7A-A621-E5B48F204836}.Release|Any CPU.Build.0 = Release|Any CPU
	EndGlobalSection
	GlobalSection(SolutionProperties) = preSolution
		HideSolutionNode = FALSE
	EndGlobalSection
	GlobalSection(ExtensibilityGlobals) = postSolution
		SolutionGuid = {63F248AD-C570-4BE0-8C2D-7B5D4BE8B919}
	EndGlobalSection
EndGlobal
