
Microsoft Visual Studio Solution File, Format Version 12.00
# Visual Studio 15
VisualStudioVersion = 15.0.28010.2041
MinimumVisualStudioVersion = 10.0.40219.1
Project("{FAE04EC0-301F-11D3-BF4B-00C04F79EFBC}") = "Library_Programming", "Library_Programming\Library_Programming.csproj", "{53E9550C-D2E9-470E-98E8-ADFA1A034BFD}"
EndProject
Project("{FAE04EC0-301F-11D3-BF4B-00C04F79EFBC}") = "Protocol Programming", "Protocol Programming\Protocol Programming.csproj", "{3C727E70-72ED-432F-B9EF-82A305A46A5B}"
EndProject
Global
	GlobalSection(SolutionConfigurationPlatforms) = preSolution
		Debug|Any CPU = Debug|Any CPU
		Release|Any CPU = Release|Any CPU
	EndGlobalSection
	GlobalSection(ProjectConfigurationPlatforms) = postSolution
		{53E9550C-D2E9-470E-98E8-ADFA1A034BFD}.Debug|Any CPU.ActiveCfg = Debug|Any CPU
		{53E9550C-D2E9-470E-98E8-ADFA1A034BFD}.Debug|Any CPU.Build.0 = Debug|Any CPU
		{53E9550C-D2E9-470E-98E8-ADFA1A034BFD}.Release|Any CPU.ActiveCfg = Release|Any CPU
		{53E9550C-D2E9-470E-98E8-ADFA1A034BFD}.Release|Any CPU.Build.0 = Release|Any CPU
		{3C727E70-72ED-432F-B9EF-82A305A46A5B}.Debug|Any CPU.ActiveCfg = Debug|Any CPU
		{3C727E70-72ED-432F-B9EF-82A305A46A5B}.Debug|Any CPU.Build.0 = Debug|Any CPU
		{3C727E70-72ED-432F-B9EF-82A305A46A5B}.Release|Any CPU.ActiveCfg = Release|Any CPU
		{3C727E70-72ED-432F-B9EF-82A305A46A5B}.Release|Any CPU.Build.0 = Release|Any CPU
	EndGlobalSection
	GlobalSection(SolutionProperties) = preSolution
		HideSolutionNode = FALSE
	EndGlobalSection
	GlobalSection(ExtensibilityGlobals) = postSolution
		SolutionGuid = {A18268F0-40F4-4604-9E84-5C913C841C3F}
	EndGlobalSection
EndGlobal
