
Microsoft Visual Studio Solution File, Format Version 12.00
# Visual Studio 15
VisualStudioVersion = 15.0.28010.2041
MinimumVisualStudioVersion = 10.0.40219.1
Project("{FAE04EC0-301F-11D3-BF4B-00C04F79EFBC}") = "Question2", "Question2\Question2.csproj", "{75689780-88C0-4DE9-944B-29E2CE1D777F}"
EndProject
Project("{FAE04EC0-301F-11D3-BF4B-00C04F79EFBC}") = "SchoolService", "SchoolService\SchoolService.csproj", "{FCDB72D4-C9DD-417F-8A31-C3850DDE992C}"
EndProject
Global
	GlobalSection(SolutionConfigurationPlatforms) = preSolution
		Debug|Any CPU = Debug|Any CPU
		Release|Any CPU = Release|Any CPU
	EndGlobalSection
	GlobalSection(ProjectConfigurationPlatforms) = postSolution
		{75689780-88C0-4DE9-944B-29E2CE1D777F}.Debug|Any CPU.ActiveCfg = Debug|Any CPU
		{75689780-88C0-4DE9-944B-29E2CE1D777F}.Debug|Any CPU.Build.0 = Debug|Any CPU
		{75689780-88C0-4DE9-944B-29E2CE1D777F}.Release|Any CPU.ActiveCfg = Release|Any CPU
		{75689780-88C0-4DE9-944B-29E2CE1D777F}.Release|Any CPU.Build.0 = Release|Any CPU
		{FCDB72D4-C9DD-417F-8A31-C3850DDE992C}.Debug|Any CPU.ActiveCfg = Debug|Any CPU
		{FCDB72D4-C9DD-417F-8A31-C3850DDE992C}.Debug|Any CPU.Build.0 = Debug|Any CPU
		{FCDB72D4-C9DD-417F-8A31-C3850DDE992C}.Release|Any CPU.ActiveCfg = Release|Any CPU
		{FCDB72D4-C9DD-417F-8A31-C3850DDE992C}.Release|Any CPU.Build.0 = Release|Any CPU
	EndGlobalSection
	GlobalSection(SolutionProperties) = preSolution
		HideSolutionNode = FALSE
	EndGlobalSection
	GlobalSection(ExtensibilityGlobals) = postSolution
		SolutionGuid = {0396DD05-B6CB-4DA7-8671-7C0AC9A0ADA6}
	EndGlobalSection
EndGlobal
