
Microsoft Visual Studio Solution File, Format Version 12.00
# Visual Studio 15
VisualStudioVersion = 15.0.28010.2041
MinimumVisualStudioVersion = 10.0.40219.1
Project("{FAE04EC0-301F-11D3-BF4B-00C04F79EFBC}") = "Question1", "Question1\Question1.csproj", "{0A4B158C-8E77-4F9F-A188-C84975327C80}"
EndProject
Global
	GlobalSection(SolutionConfigurationPlatforms) = preSolution
		Debug|Any CPU = Debug|Any CPU
		Release|Any CPU = Release|Any CPU
	EndGlobalSection
	GlobalSection(ProjectConfigurationPlatforms) = postSolution
		{0A4B158C-8E77-4F9F-A188-C84975327C80}.Debug|Any CPU.ActiveCfg = Debug|Any CPU
		{0A4B158C-8E77-4F9F-A188-C84975327C80}.Debug|Any CPU.Build.0 = Debug|Any CPU
		{0A4B158C-8E77-4F9F-A188-C84975327C80}.Release|Any CPU.ActiveCfg = Release|Any CPU
		{0A4B158C-8E77-4F9F-A188-C84975327C80}.Release|Any CPU.Build.0 = Release|Any CPU
	EndGlobalSection
	GlobalSection(SolutionProperties) = preSolution
		HideSolutionNode = FALSE
	EndGlobalSection
	GlobalSection(ExtensibilityGlobals) = postSolution
		SolutionGuid = {E466CB2F-9B66-45EC-A20F-313ADD36E894}
	EndGlobalSection
EndGlobal
