
Microsoft Visual Studio Solution File, Format Version 12.00
# Visual Studio 15
VisualStudioVersion = 15.0.28010.2041
MinimumVisualStudioVersion = 10.0.40219.1
Project("{FAE04EC0-301F-11D3-BF4B-00C04F79EFBC}") = "Library Programming", "Library Programming\Library Programming.csproj", "{34A27BA4-82C0-4966-A38C-70E1A638F5D8}"
EndProject
Project("{FAE04EC0-301F-11D3-BF4B-00C04F79EFBC}") = "Protocol Programming", "Protocol Programming\Protocol Programming.csproj", "{7837C200-3080-492D-B1C4-D0E2568CEF61}"
EndProject
Project("{FAE04EC0-301F-11D3-BF4B-00C04F79EFBC}") = "Test A", "Test A\Test A.csproj", "{DABE1354-BAE6-4068-A1C9-7C52641BAFDE}"
EndProject
Global
	GlobalSection(SolutionConfigurationPlatforms) = preSolution
		Debug|Any CPU = Debug|Any CPU
		Release|Any CPU = Release|Any CPU
	EndGlobalSection
	GlobalSection(ProjectConfigurationPlatforms) = postSolution
		{34A27BA4-82C0-4966-A38C-70E1A638F5D8}.Debug|Any CPU.ActiveCfg = Debug|Any CPU
		{34A27BA4-82C0-4966-A38C-70E1A638F5D8}.Debug|Any CPU.Build.0 = Debug|Any CPU
		{34A27BA4-82C0-4966-A38C-70E1A638F5D8}.Release|Any CPU.ActiveCfg = Release|Any CPU
		{34A27BA4-82C0-4966-A38C-70E1A638F5D8}.Release|Any CPU.Build.0 = Release|Any CPU
		{7837C200-3080-492D-B1C4-D0E2568CEF61}.Debug|Any CPU.ActiveCfg = Debug|Any CPU
		{7837C200-3080-492D-B1C4-D0E2568CEF61}.Debug|Any CPU.Build.0 = Debug|Any CPU
		{7837C200-3080-492D-B1C4-D0E2568CEF61}.Release|Any CPU.ActiveCfg = Release|Any CPU
		{7837C200-3080-492D-B1C4-D0E2568CEF61}.Release|Any CPU.Build.0 = Release|Any CPU
		{DABE1354-BAE6-4068-A1C9-7C52641BAFDE}.Debug|Any CPU.ActiveCfg = Debug|Any CPU
		{DABE1354-BAE6-4068-A1C9-7C52641BAFDE}.Debug|Any CPU.Build.0 = Debug|Any CPU
		{DABE1354-BAE6-4068-A1C9-7C52641BAFDE}.Release|Any CPU.ActiveCfg = Release|Any CPU
		{DABE1354-BAE6-4068-A1C9-7C52641BAFDE}.Release|Any CPU.Build.0 = Release|Any CPU
	EndGlobalSection
	GlobalSection(SolutionProperties) = preSolution
		HideSolutionNode = FALSE
	EndGlobalSection
	GlobalSection(ExtensibilityGlobals) = postSolution
		SolutionGuid = {24F8A63E-A370-4C2E-8770-26624B4CAE7D}
	EndGlobalSection
EndGlobal
